{"1.1.0",
[{<<"backoff">>,{pkg,<<"backoff">>,<<"1.1.3">>},1},
 {<<"base16">>,
  {git,"git://github.com/goj/base16.git",
       {ref,"f78918e7b593fbdc35ec9bcc349aa50f47f45a8b"}},
  0},
 {<<"bbmustache">>,{pkg,<<"bbmustache">>,<<"1.4.0">>},0},
 {<<"bear">>,{pkg,<<"bear">>,<<"0.8.5">>},2},
 {<<"cache_tab">>,{pkg,<<"cache_tab">>,<<"1.0.12">>},0},
 {<<"cowboy">>,{pkg,<<"cowboy">>,<<"1.1.2">>},0},
 {<<"cowlib">>,{pkg,<<"cowlib">>,<<"1.0.2">>},1},
 {<<"cpool">>,{pkg,<<"cpool">>,<<"0.1.0">>},0},
 {<<"cqerl">>,
  {git,"https://github.com/matehat/cqerl.git",
       {ref,"1e37a572da3018540206c5f2699e4587619aba34"}},
  0},
 {<<"csv">>,
  {git,"https://github.com/bszaf/csv.git",
       {ref,"b0b854d8be2d69b0c6eb9bae5591008098973af9"}},
  0},
 {<<"cuesport">>,
  {git,"git://github.com/esl/cuesport.git",
       {ref,"d82ff25baf393eb11712721fb1b881b4b9f80176"}},
  0},
 {<<"eini">>,{pkg,<<"eini">>,<<"1.2.4">>},1},
 {<<"eper">>,
  {git,"http://github.com/basho/eper.git",
       {ref,"fc165bf4072ecb9ce5648aab86db2baad12122f5"}},
  1},
 {<<"epgsql">>,{pkg,<<"epgsql">>,<<"3.4.0">>},0},
 {<<"eredis">>,{pkg,<<"eredis">>,<<"1.0.8">>},0},
 {<<"erlcloud">>,
  {git,"git://github.com/erlcloud/erlcloud.git",
       {ref,"c1196989a8e7a5f45ddd7b4f81bbbc2ffcfc8274"}},
  0},
 {<<"exml">>,
  {git,"git://github.com/esl/exml.git",
       {ref,"013fc58a64fa5bbd6736127cc1da078d4570c537"}},
  0},
 {<<"exometer_core">>,
  {git,"git://github.com/esl/exometer_core.git",
       {ref,"de97a458653b6d5fa424b843e76832f61ad46672"}},
  0},
 {<<"exometer_report_graphite">>,
  {git,"git://github.com/esl/exometer_report_graphite.git",
       {ref,"264dd7bcbadbd7febcd43917302251286c88b681"}},
  0},
 {<<"exometer_report_statsd">>,
  {git,"git://github.com/esl/exometer_report_statsd.git",
       {ref,"75f6f9ef2b3c0a677f9dba9a4b3d9d77c276a032"}},
  0},
 {<<"fast_tls">>,
  {git,"git://github.com/processone/fast_tls.git",
       {ref,"a166f0e9fe78304e5ca628fd5eff57c850241813"}},
  0},
 {<<"folsom">>,{pkg,<<"folsom">>,<<"0.8.5">>},1},
 {<<"fusco">>,
  {git,"git://github.com/esl/fusco.git",
       {ref,"1426c927311a46ac236b9c291165929a4001f28e"}},
  0},
 {<<"goldrush">>,{pkg,<<"goldrush">>,<<"0.1.9">>},1},
 {<<"gun">>,
  {git,"https://github.com/ninenines/gun.git",
       {ref,"427230d6f94f5b8a396fd504a73d73d1d65ab0a7"}},
  3},
 {<<"hamcrest">>,{pkg,<<"basho_hamcrest">>,<<"0.4.1">>},2},
 {<<"hut">>,{pkg,<<"hut">>,<<"1.2.0">>},1},
 {<<"idna">>,
  {git,"git://github.com/benoitc/erlang-idna.git",
       {ref,"40c682fef283b7c3871c4b59aa0469304c6613ef"}},
  0},
 {<<"jiffy">>,{pkg,<<"jiffy">>,<<"0.14.11">>},0},
 {<<"jsx">>,{pkg,<<"jsx">>,<<"2.8.0">>},1},
 {<<"jwerl">>,
  {git,"git://github.com/emedia-project/jwerl.git",
       {ref,"3f365d11955a440325e5ef16802c286dff1f1bd0"}},
  0},
 {<<"lager">>,{pkg,<<"lager">>,<<"3.2.4">>},0},
 {<<"lager_syslog">>,
  {git,"git://github.com/basho/lager_syslog.git",
       {ref,"c59ccd421426a3d54b379e9b1f62f1f145dd5802"}},
  0},
 {<<"lasse">>,
  {git,"git://github.com/inaka/lasse.git",
       {ref,"692eaec1a226a6247f8450fc23b86b8afc1cee7a"}},
  0},
 {<<"lhttpc">>,{pkg,<<"lhttpc">>,<<"1.5.1">>},1},
 {<<"luerl">>,
  {git,"https://github.com/rvirding/luerl.git",
       {ref,"722eee3f5752cde06934808c122b1bf4b4a0e0dd"}},
  2},
 {<<"lz4">>,
  {git,"https://github.com/szktty/erlang-lz4.git",
       {ref,"6bc5efe93bab327788bcde24374f16044b549dd8"}},
  1},
 {<<"meck">>,{pkg,<<"meck">>,<<"0.8.6">>},0},
 {<<"mochijson2">>,
  {git,"git://github.com/bjnortier/mochijson2.git",
       {ref,"e162b7f5be57b8a1fcf5cc99aa4948864af42bba"}},
  0},
 {<<"mysql">>,
  {git,"git://github.com/mysql-otp/mysql-otp.git",
       {ref,"9724d67a262b26ed9f325f8e9e17a5d1fc42e63b"}},
  0},
 {<<"nklib">>,
  {git,"https://github.com/NetComposer/nklib.git",
       {ref,"fb63a1d04747f69fd367689f7bca340e6e0e6521"}},
  0},
 {<<"nkpacket">>,
  {git,"http://github.com/nekso/nkpacket",
       {ref,"8f110ac769f240e761c650a54c17be49ea98eb41"}},
  2},
 {<<"nkservice">>,
  {git,"https://github.com/Nekso/nkservice",
       {ref,"affbd5b9c914e2c8775dd45733a0b5c15d784e34"}},
  1},
 {<<"nksip">>,
  {git,"https://github.com/NetComposer/nksip.git",
       {ref,"1a29ef3e112ee0a8d8ac53bd6963ccc8f7879343"}},
  0},
 {<<"observer_cli">>,{pkg,<<"observer_cli">>,<<"1.1.0">>},0},
 {<<"p1_utils">>,{pkg,<<"p1_utils">>,<<"1.0.10">>},1},
 {<<"pa">>,
  {git,"git://github.com/erszcz/pa.git",
       {ref,"e53c540005f4114a854cfa414b00cbc7e9e65ecb"}},
  0},
 {<<"parse_trans">>,{pkg,<<"parse_trans">>,<<"3.1.0">>},1},
 {<<"poolboy">>,{pkg,<<"poolboy">>,<<"1.5.1">>},0},
 {<<"pooler">>,
  {git,"https://github.com/seth/pooler.git",
       {ref,"521f568bf9a2ccbe7c7e0fc23f24cd06ec559b79"}},
  0},
 {<<"proper">>,{pkg,<<"proper">>,<<"1.2.0">>},0},
 {<<"quickrand">>,{pkg,<<"quickrand">>,<<"1.7.3">>},1},
 {<<"ranch">>,{pkg,<<"ranch">>,<<"1.3.2">>},1},
 {<<"re2">>,
  {git,"https://github.com/tuncer/re2.git",
       {ref,"2471e06ed7e548ca1af522e95b16867135afdfdc"}},
  1},
 {<<"recon">>,{pkg,<<"recon">>,<<"2.3.2">>},0},
 {<<"redo">>,
  {git,"git://github.com/Wallapop/redo.git",
       {ref,"35a8d1caa7bdf431826e63665646cf0c8196e688"}},
  0},
 {<<"riak_pb">>,{pkg,<<"riak_pb">>,<<"2.3.2">>},1},
 {<<"riakc">>,{pkg,<<"riakc">>,<<"2.5.3">>},0},
 {<<"semver">>,
  {git,"https://github.com/nebularis/semver.git",
       {ref,"c7d509f38298ec6594be4efdcd8a8f2322760039"}},
  1},
 {<<"snappy">>,
  {git,"https://github.com/fdmanana/snappy-erlang-nif.git",
       {ref,"4e3b8611b6a1ff85a417b0f2fad8886c9485810e"}},
  1},
 {<<"stringprep">>,{pkg,<<"stringprep">>,<<"1.0.7">>},0},
 {<<"syslog">>,
  {git,"https://github.com/basho/erlang-syslog",
       {ref,"e24c9ee8f7bb3f066ec152c210af10c2c712759a"}},
  1},
 {<<"usec">>,
  {git,"git://github.com/esl/usec.git",
       {ref,"f85ffd8350d7000c26392c18bdfcdbb30f3b5ee8"}},
  0},
 {<<"uuid">>,{pkg,<<"uuid_erl">>,<<"1.7.1">>},0},
 {<<"worker_pool">>,{pkg,<<"worker_pool">>,<<"3.0.0">>},0}]}.
[
{pkg_hash,[
 {<<"backoff">>, <<"DE762C05ED6DFAE862D83DC9E58AE936792B01302B3595F5CFFE86F2D8E6C1DD">>},
 {<<"bbmustache">>, <<"CC45A071DD2B3DF3A3E5F28548C8167E669A1F53437A2A2FD3B378CD38A6E725">>},
 {<<"bear">>, <<"E95FCA1627CD9E15BAF93CE0A52AFF16917BAF325F0EE65B88CD715376CD2344">>},
 {<<"cache_tab">>, <<"A06A4FFBD4DA8469791BA941512A6A45ED8C11865B4606A368E21B332DA3638A">>},
 {<<"cowboy">>, <<"61AC29EA970389A88ECA5A65601460162D370A70018AFE6F949A29DCA91F3BB0">>},
 {<<"cowlib">>, <<"9D769A1D062C9C3AC753096F868CA121E2730B9A377DE23DEC0F7E08B1DF84EE">>},
 {<<"cpool">>, <<"76222AA1DAC0F8089707167BD69D221EDA63DB65B8BD67DBF6E133075392EEDC">>},
 {<<"eini">>, <<"ABD64A0533398A6D714D21219BB85F2D41FDB42665AC4080939B7BFA8E55F386">>},
 {<<"epgsql">>, <<"39D473B83D74329A88F8FB1F99AD24C7A2329FD753957C488808CB7C0FC8164E">>},
 {<<"eredis">>, <<"AB4FDA1C4BA7FBE6C19C26C249DC13DA916D762502C4B4FA2DF401A8D51C5364">>},
 {<<"folsom">>, <<"94A027B56FE84FEED264F9B33CB4C6AC9A801FAD84B87DBDA0836CE83C3B8D69">>},
 {<<"goldrush">>, <<"F06E5D5F1277DA5C413E84D5A2924174182FB108DABB39D5EC548B27424CD106">>},
 {<<"hamcrest">>, <<"FB7B2C92D252A1E9DB936750B86089ADDAEBEB8F87967FB4BBDDA61E8863338E">>},
 {<<"hut">>, <<"0089DF0FAA2827C605BBADA88153F24FFF5EA7A4BE32ECF0250A7FDC2719CAFB">>},
 {<<"jiffy">>, <<"919A87D491C5A6B5E3BBC27FAFEDC3A0761CA0B4C405394F121F582FD4E3F0E5">>},
 {<<"jsx">>, <<"749BEC6D205C694AE1786D62CEA6CC45A390437E24835FD16D12D74F07097727">>},
 {<<"lager">>, <<"A6DEB74DAE7927F46BD13255268308EF03EB206EC784A94EAF7C1C0F3B811615">>},
 {<<"lhttpc">>, <<"2137CB82D123751B21CC0461A00734CD32CB470BC6278BA139EE13C1ECC3C2B1">>},
 {<<"meck">>, <<"AF92A4D3E1525173A7162ED25E9BA6C6C7874E054900B8AE4A23FE71290890E0">>},
 {<<"observer_cli">>, <<"F3A47C22327424291758167DF3C4600DCF8BF34795A3787612019AA5B86A5C21">>},
 {<<"p1_utils">>, <<"A6D6927114BAC79CF6468A10824125492034AF7071ADC6ED5EBC4DDB443845D4">>},
 {<<"parse_trans">>, <<"1BAD3B959941CC53FFD6F4769A5D2666F9CDF179B2D62826636497D3FBAD9EC0">>},
 {<<"poolboy">>, <<"6B46163901CFD0A1B43D692657ED9D7E599853B3B21B95AE5AE0A777CF9B6CA8">>},
 {<<"proper">>, <<"1466492385959412A02871505434E72E92765958C60DBA144B43863554B505A4">>},
 {<<"quickrand">>, <<"0E4FB48FAC904FE0C6E21D7E8C31A288A0700E1E81A35B38B649FC119079755D">>},
 {<<"ranch">>, <<"E4965A144DC9FBE70E5C077C65E73C57165416A901BD02EA899CFD95AA890986">>},
 {<<"recon">>, <<"4444C879BE323B1B133EEC5241CB84BD3821EA194C740D75617E106BE4744318">>},
 {<<"riak_pb">>, <<"48FFBF66DBB3F136AB9A7134BAC4E496754BAA5EF58C4F50A61326736D996390">>},
 {<<"riakc">>, <<"6132D9E687A0DFD314B2B24C4594302CA8B55568A5D733C491D8FB6CD4004763">>},
 {<<"stringprep">>, <<"F709C7EE3697AE9D2BECBBBBA1DCEA47E0F583E313B4EB7D0CED2163C595EE12">>},
 {<<"uuid">>, <<"252D12D1154BC75C40BC03E2E67714BD843DDFAD40FD3BC1541F65F622C9E7FC">>},
 {<<"worker_pool">>, <<"7463D0A1043FFC8DD148C5D026D8BEA0B8733DE38CE5E9BFCA1DBFD6EF547C01">>}]}
].
